// !$*UTF8*$!
{
	archiveVersion = 1;
	classes = {
	};
	objectVersion = 56;
	objects = {

/* Begin PBXBuildFile section */
		1B15CD402BC85EED0055ECFD /* AppDelegate.swift in Sources */ = {isa = PBXBuildFile; fileRef = 1B15CD3F2BC85EED0055ECFD /* AppDelegate.swift */; };
		1B15CD422BC85EED0055ECFD /* SceneDelegate.swift in Sources */ = {isa = PBXBuildFile; fileRef = 1B15CD412BC85EED0055ECFD /* SceneDelegate.swift */; };
		1B15CD442BC85EED0055ECFD /* ParkingViewController.swift in Sources */ = {isa = PBXBuildFile; fileRef = 1B15CD432BC85EED0055ECFD /* ParkingViewController.swift */; };
		1B15CD492BC85EEE0055ECFD /* Assets.xcassets in Resources */ = {isa = PBXBuildFile; fileRef = 1B15CD482BC85EEE0055ECFD /* Assets.xcassets */; };
		1B15CD4C2BC85EEE0055ECFD /* LaunchScreen.storyboard in Resources */ = {isa = PBXBuildFile; fileRef = 1B15CD4A2BC85EEE0055ECFD /* LaunchScreen.storyboard */; };
		1B15CD572BC85EEE0055ECFD /* parkingTests.swift in Sources */ = {isa = PBXBuildFile; fileRef = 1B15CD562BC85EEE0055ECFD /* parkingTests.swift */; };
		1B15CD612BC85EEE0055ECFD /* parkingUITests.swift in Sources */ = {isa = PBXBuildFile; fileRef = 1B15CD602BC85EEE0055ECFD /* parkingUITests.swift */; };
		1B15CD632BC85EEE0055ECFD /* parkingUITestsLaunchTests.swift in Sources */ = {isa = PBXBuildFile; fileRef = 1B15CD622BC85EEE0055ECFD /* parkingUITestsLaunchTests.swift */; };
		1BA2AD532BCADD8000B272E3 /* TimeParkViewController.swift in Sources */ = {isa = PBXBuildFile; fileRef = 1BA2AD522BCADD8000B272E3 /* TimeParkViewController.swift */; };
		1BB04B422BCA887E00219D37 /* MainFixedCell.swift in Sources */ = {isa = PBXBuildFile; fileRef = 1BB04B412BCA887E00219D37 /* MainFixedCell.swift */; };
		1BB04B452BCA8AD400219D37 /* CongestionOpenCell.swift in Sources */ = {isa = PBXBuildFile; fileRef = 1BB04B442BCA8AD400219D37 /* CongestionOpenCell.swift */; };
		1BB04B472BCA8AE300219D37 /* CostOpenCell.swift in Sources */ = {isa = PBXBuildFile; fileRef = 1BB04B462BCA8AE300219D37 /* CostOpenCell.swift */; };
		76F2FA791081B46D146F5F16 /* Pods_parking.framework in Frameworks */ = {isa = PBXBuildFile; fileRef = 23F57BD051C641F17B6C20F3 /* Pods_parking.framework */; };
		B4CBE1AF2509DF15233B1A94 /* Pods_parkingTests.framework in Frameworks */ = {isa = PBXBuildFile; fileRef = EB7D3ABCFC843CE186144C29 /* Pods_parkingTests.framework */; };
		B9E89AD372C38F7B7317A06F /* Pods_parking_parkingUITests.framework in Frameworks */ = {isa = PBXBuildFile; fileRef = FD29EA0FD31E915ED3FE48A3 /* Pods_parking_parkingUITests.framework */; };
/* End PBXBuildFile section */

/* Begin PBXContainerItemProxy section */
		1B15CD532BC85EEE0055ECFD /* PBXContainerItemProxy */ = {
			isa = PBXContainerItemProxy;
			containerPortal = 1B15CD342BC85EED0055ECFD /* Project object */;
			proxyType = 1;
			remoteGlobalIDString = 1B15CD3B2BC85EED0055ECFD;
			remoteInfo = parking;
		};
		1B15CD5D2BC85EEE0055ECFD /* PBXContainerItemProxy */ = {
			isa = PBXContainerItemProxy;
			containerPortal = 1B15CD342BC85EED0055ECFD /* Project object */;
			proxyType = 1;
			remoteGlobalIDString = 1B15CD3B2BC85EED0055ECFD;
			remoteInfo = parking;
		};
/* End PBXContainerItemProxy section */

/* Begin PBXFileReference section */
		1B15CD3C2BC85EED0055ECFD /* parking.app */ = {isa = PBXFileReference; explicitFileType = wrapper.application; includeInIndex = 0; path = parking.app; sourceTree = BUILT_PRODUCTS_DIR; };
		1B15CD3F2BC85EED0055ECFD /* AppDelegate.swift */ = {isa = PBXFileReference; lastKnownFileType = sourcecode.swift; path = AppDelegate.swift; sourceTree = "<group>"; };
		1B15CD412BC85EED0055ECFD /* SceneDelegate.swift */ = {isa = PBXFileReference; lastKnownFileType = sourcecode.swift; path = SceneDelegate.swift; sourceTree = "<group>"; };
		1B15CD432BC85EED0055ECFD /* ParkingViewController.swift */ = {isa = PBXFileReference; lastKnownFileType = sourcecode.swift; path = ParkingViewController.swift; sourceTree = "<group>"; };
		1B15CD482BC85EEE0055ECFD /* Assets.xcassets */ = {isa = PBXFileReference; lastKnownFileType = folder.assetcatalog; path = Assets.xcassets; sourceTree = "<group>"; };
		1B15CD4B2BC85EEE0055ECFD /* Base */ = {isa = PBXFileReference; lastKnownFileType = file.storyboard; name = Base; path = Base.lproj/LaunchScreen.storyboard; sourceTree = "<group>"; };
		1B15CD4D2BC85EEE0055ECFD /* Info.plist */ = {isa = PBXFileReference; lastKnownFileType = text.plist.xml; path = Info.plist; sourceTree = "<group>"; };
		1B15CD522BC85EEE0055ECFD /* parkingTests.xctest */ = {isa = PBXFileReference; explicitFileType = wrapper.cfbundle; includeInIndex = 0; path = parkingTests.xctest; sourceTree = BUILT_PRODUCTS_DIR; };
		1B15CD562BC85EEE0055ECFD /* parkingTests.swift */ = {isa = PBXFileReference; lastKnownFileType = sourcecode.swift; path = parkingTests.swift; sourceTree = "<group>"; };
		1B15CD5C2BC85EEE0055ECFD /* parkingUITests.xctest */ = {isa = PBXFileReference; explicitFileType = wrapper.cfbundle; includeInIndex = 0; path = parkingUITests.xctest; sourceTree = BUILT_PRODUCTS_DIR; };
		1B15CD602BC85EEE0055ECFD /* parkingUITests.swift */ = {isa = PBXFileReference; lastKnownFileType = sourcecode.swift; path = parkingUITests.swift; sourceTree = "<group>"; };
		1B15CD622BC85EEE0055ECFD /* parkingUITestsLaunchTests.swift */ = {isa = PBXFileReference; lastKnownFileType = sourcecode.swift; path = parkingUITestsLaunchTests.swift; sourceTree = "<group>"; };
		1BA2AD522BCADD8000B272E3 /* TimeParkViewController.swift */ = {isa = PBXFileReference; lastKnownFileType = sourcecode.swift; path = TimeParkViewController.swift; sourceTree = "<group>"; };
		1BB04B412BCA887E00219D37 /* MainFixedCell.swift */ = {isa = PBXFileReference; lastKnownFileType = sourcecode.swift; path = MainFixedCell.swift; sourceTree = "<group>"; };
		1BB04B442BCA8AD400219D37 /* CongestionOpenCell.swift */ = {isa = PBXFileReference; lastKnownFileType = sourcecode.swift; path = CongestionOpenCell.swift; sourceTree = "<group>"; };
		1BB04B462BCA8AE300219D37 /* CostOpenCell.swift */ = {isa = PBXFileReference; lastKnownFileType = sourcecode.swift; path = CostOpenCell.swift; sourceTree = "<group>"; };
		23F57BD051C641F17B6C20F3 /* Pods_parking.framework */ = {isa = PBXFileReference; explicitFileType = wrapper.framework; includeInIndex = 0; path = Pods_parking.framework; sourceTree = BUILT_PRODUCTS_DIR; };
		2F5FFAB6FC5D6356194B5401 /* Pods-parking-parkingUITests.release.xcconfig */ = {isa = PBXFileReference; includeInIndex = 1; lastKnownFileType = text.xcconfig; name = "Pods-parking-parkingUITests.release.xcconfig"; path = "Target Support Files/Pods-parking-parkingUITests/Pods-parking-parkingUITests.release.xcconfig"; sourceTree = "<group>"; };
		4224E1DBA18401FBFC6CB90E /* Pods-parking.debug.xcconfig */ = {isa = PBXFileReference; includeInIndex = 1; lastKnownFileType = text.xcconfig; name = "Pods-parking.debug.xcconfig"; path = "Target Support Files/Pods-parking/Pods-parking.debug.xcconfig"; sourceTree = "<group>"; };
		53589C08D04AB67E12EBAF47 /* Pods-parking.release.xcconfig */ = {isa = PBXFileReference; includeInIndex = 1; lastKnownFileType = text.xcconfig; name = "Pods-parking.release.xcconfig"; path = "Target Support Files/Pods-parking/Pods-parking.release.xcconfig"; sourceTree = "<group>"; };
		B1FCF71416B4BA028E4219C1 /* Pods-parkingTests.debug.xcconfig */ = {isa = PBXFileReference; includeInIndex = 1; lastKnownFileType = text.xcconfig; name = "Pods-parkingTests.debug.xcconfig"; path = "Target Support Files/Pods-parkingTests/Pods-parkingTests.debug.xcconfig"; sourceTree = "<group>"; };
		D909EA5FB14E0D47A7681ECE /* Pods-parkingTests.release.xcconfig */ = {isa = PBXFileReference; includeInIndex = 1; lastKnownFileType = text.xcconfig; name = "Pods-parkingTests.release.xcconfig"; path = "Target Support Files/Pods-parkingTests/Pods-parkingTests.release.xcconfig"; sourceTree = "<group>"; };
		EB7D3ABCFC843CE186144C29 /* Pods_parkingTests.framework */ = {isa = PBXFileReference; explicitFileType = wrapper.framework; includeInIndex = 0; path = Pods_parkingTests.framework; sourceTree = BUILT_PRODUCTS_DIR; };
		ED54BF0B914B827170C9C9BE /* Pods-parking-parkingUITests.debug.xcconfig */ = {isa = PBXFileReference; includeInIndex = 1; lastKnownFileType = text.xcconfig; name = "Pods-parking-parkingUITests.debug.xcconfig"; path = "Target Support Files/Pods-parking-parkingUITests/Pods-parking-parkingUITests.debug.xcconfig"; sourceTree = "<group>"; };
		FD29EA0FD31E915ED3FE48A3 /* Pods_parking_parkingUITests.framework */ = {isa = PBXFileReference; explicitFileType = wrapper.framework; includeInIndex = 0; path = Pods_parking_parkingUITests.framework; sourceTree = BUILT_PRODUCTS_DIR; };
/* End PBXFileReference section */

/* Begin PBXFrameworksBuildPhase section */
		1B15CD392BC85EED0055ECFD /* Frameworks */ = {
			isa = PBXFrameworksBuildPhase;
			buildActionMask = 2147483647;
			files = (
				76F2FA791081B46D146F5F16 /* Pods_parking.framework in Frameworks */,
			);
			runOnlyForDeploymentPostprocessing = 0;
		};
		1B15CD4F2BC85EEE0055ECFD /* Frameworks */ = {
			isa = PBXFrameworksBuildPhase;
			buildActionMask = 2147483647;
			files = (
				B4CBE1AF2509DF15233B1A94 /* Pods_parkingTests.framework in Frameworks */,
			);
			runOnlyForDeploymentPostprocessing = 0;
		};
		1B15CD592BC85EEE0055ECFD /* Frameworks */ = {
			isa = PBXFrameworksBuildPhase;
			buildActionMask = 2147483647;
			files = (
				B9E89AD372C38F7B7317A06F /* Pods_parking_parkingUITests.framework in Frameworks */,
			);
			runOnlyForDeploymentPostprocessing = 0;
		};
/* End PBXFrameworksBuildPhase section */

/* Begin PBXGroup section */
		0E95E4F8360AAD9808702ACE /* Frameworks */ = {
			isa = PBXGroup;
			children = (
				23F57BD051C641F17B6C20F3 /* Pods_parking.framework */,
				FD29EA0FD31E915ED3FE48A3 /* Pods_parking_parkingUITests.framework */,
				EB7D3ABCFC843CE186144C29 /* Pods_parkingTests.framework */,
			);
			name = Frameworks;
			sourceTree = "<group>";
		};
		1B15CD332BC85EED0055ECFD = {
			isa = PBXGroup;
			children = (
				1B15CD3E2BC85EED0055ECFD /* parking */,
				1B15CD552BC85EEE0055ECFD /* parkingTests */,
				1B15CD5F2BC85EEE0055ECFD /* parkingUITests */,
				1B15CD3D2BC85EED0055ECFD /* Products */,
				F1BABFA16797121F93EA3BCC /* Pods */,
				0E95E4F8360AAD9808702ACE /* Frameworks */,
			);
			sourceTree = "<group>";
		};
		1B15CD3D2BC85EED0055ECFD /* Products */ = {
			isa = PBXGroup;
			children = (
				1B15CD3C2BC85EED0055ECFD /* parking.app */,
				1B15CD522BC85EEE0055ECFD /* parkingTests.xctest */,
				1B15CD5C2BC85EEE0055ECFD /* parkingUITests.xctest */,
			);
			name = Products;
			sourceTree = "<group>";
		};
		1B15CD3E2BC85EED0055ECFD /* parking */ = {
			isa = PBXGroup;
			children = (
				1B15CD3F2BC85EED0055ECFD /* AppDelegate.swift */,
				1B15CD412BC85EED0055ECFD /* SceneDelegate.swift */,
				1BB04B402BCA882F00219D37 /* controller */,
				1BB04B432BCA888300219D37 /* cell */,
				1B15CD482BC85EEE0055ECFD /* Assets.xcassets */,
				1B15CD4A2BC85EEE0055ECFD /* LaunchScreen.storyboard */,
				1B15CD4D2BC85EEE0055ECFD /* Info.plist */,
			);
			path = parking;
			sourceTree = "<group>";
		};
		1B15CD552BC85EEE0055ECFD /* parkingTests */ = {
			isa = PBXGroup;
			children = (
				1B15CD562BC85EEE0055ECFD /* parkingTests.swift */,
			);
			path = parkingTests;
			sourceTree = "<group>";
		};
		1B15CD5F2BC85EEE0055ECFD /* parkingUITests */ = {
			isa = PBXGroup;
			children = (
				1B15CD602BC85EEE0055ECFD /* parkingUITests.swift */,
				1B15CD622BC85EEE0055ECFD /* parkingUITestsLaunchTests.swift */,
			);
			path = parkingUITests;
			sourceTree = "<group>";
		};
		1BB04B402BCA882F00219D37 /* controller */ = {
			isa = PBXGroup;
			children = (
				1B15CD432BC85EED0055ECFD /* ParkingViewController.swift */,
				1BA2AD522BCADD8000B272E3 /* TimeParkViewController.swift */,
			);
			path = controller;
			sourceTree = "<group>";
		};
		1BB04B432BCA888300219D37 /* cell */ = {
			isa = PBXGroup;
			children = (
				1BB04B412BCA887E00219D37 /* MainFixedCell.swift */,
				1BB04B442BCA8AD400219D37 /* CongestionOpenCell.swift */,
				1BB04B462BCA8AE300219D37 /* CostOpenCell.swift */,
			);
			path = cell;
			sourceTree = "<group>";
		};
		F1BABFA16797121F93EA3BCC /* Pods */ = {
			isa = PBXGroup;
			children = (
				4224E1DBA18401FBFC6CB90E /* Pods-parking.debug.xcconfig */,
				53589C08D04AB67E12EBAF47 /* Pods-parking.release.xcconfig */,
				ED54BF0B914B827170C9C9BE /* Pods-parking-parkingUITests.debug.xcconfig */,
				2F5FFAB6FC5D6356194B5401 /* Pods-parking-parkingUITests.release.xcconfig */,
				B1FCF71416B4BA028E4219C1 /* Pods-parkingTests.debug.xcconfig */,
				D909EA5FB14E0D47A7681ECE /* Pods-parkingTests.release.xcconfig */,
			);
			path = Pods;
			sourceTree = "<group>";
		};
/* End PBXGroup section */

/* Begin PBXNativeTarget section */
		1B15CD3B2BC85EED0055ECFD /* parking */ = {
			isa = PBXNativeTarget;
			buildConfigurationList = 1B15CD662BC85EEE0055ECFD /* Build configuration list for PBXNativeTarget "parking" */;
			buildPhases = (
				0FA26AEC9E1341ECD26563F1 /* [CP] Check Pods Manifest.lock */,
				1B15CD382BC85EED0055ECFD /* Sources */,
				1B15CD392BC85EED0055ECFD /* Frameworks */,
				1B15CD3A2BC85EED0055ECFD /* Resources */,
				80FB98448438B6D17FC16087 /* [CP] Embed Pods Frameworks */,
			);
			buildRules = (
			);
			dependencies = (
			);
			name = parking;
			productName = parking;
			productReference = 1B15CD3C2BC85EED0055ECFD /* parking.app */;
			productType = "com.apple.product-type.application";
		};
		1B15CD512BC85EEE0055ECFD /* parkingTests */ = {
			isa = PBXNativeTarget;
			buildConfigurationList = 1B15CD692BC85EEE0055ECFD /* Build configuration list for PBXNativeTarget "parkingTests" */;
			buildPhases = (
				EE17BA9F79B0956DD9B1CA77 /* [CP] Check Pods Manifest.lock */,
				1B15CD4E2BC85EEE0055ECFD /* Sources */,
				1B15CD4F2BC85EEE0055ECFD /* Frameworks */,
				1B15CD502BC85EEE0055ECFD /* Resources */,
			);
			buildRules = (
			);
			dependencies = (
				1B15CD542BC85EEE0055ECFD /* PBXTargetDependency */,
			);
			name = parkingTests;
			productName = parkingTests;
			productReference = 1B15CD522BC85EEE0055ECFD /* parkingTests.xctest */;
			productType = "com.apple.product-type.bundle.unit-test";
		};
		1B15CD5B2BC85EEE0055ECFD /* parkingUITests */ = {
			isa = PBXNativeTarget;
			buildConfigurationList = 1B15CD6C2BC85EEE0055ECFD /* Build configuration list for PBXNativeTarget "parkingUITests" */;
			buildPhases = (
				C968B8851B1EB722F4A58C14 /* [CP] Check Pods Manifest.lock */,
				1B15CD582BC85EEE0055ECFD /* Sources */,
				1B15CD592BC85EEE0055ECFD /* Frameworks */,
				1B15CD5A2BC85EEE0055ECFD /* Resources */,
				E8C305BE823D53E87C78A489 /* [CP] Embed Pods Frameworks */,
			);
			buildRules = (
			);
			dependencies = (
				1B15CD5E2BC85EEE0055ECFD /* PBXTargetDependency */,
			);
			name = parkingUITests;
			productName = parkingUITests;
			productReference = 1B15CD5C2BC85EEE0055ECFD /* parkingUITests.xctest */;
			productType = "com.apple.product-type.bundle.ui-testing";
		};
/* End PBXNativeTarget section */

/* Begin PBXProject section */
		1B15CD342BC85EED0055ECFD /* Project object */ = {
			isa = PBXProject;
			attributes = {
				BuildIndependentTargetsInParallel = 1;
				LastSwiftUpdateCheck = 1420;
				LastUpgradeCheck = 1420;
				TargetAttributes = {
					1B15CD3B2BC85EED0055ECFD = {
						CreatedOnToolsVersion = 14.2;
					};
					1B15CD512BC85EEE0055ECFD = {
						CreatedOnToolsVersion = 14.2;
						TestTargetID = 1B15CD3B2BC85EED0055ECFD;
					};
					1B15CD5B2BC85EEE0055ECFD = {
						CreatedOnToolsVersion = 14.2;
						TestTargetID = 1B15CD3B2BC85EED0055ECFD;
					};
				};
			};
			buildConfigurationList = 1B15CD372BC85EED0055ECFD /* Build configuration list for PBXProject "parking" */;
			compatibilityVersion = "Xcode 14.0";
			developmentRegion = en;
			hasScannedForEncodings = 0;
			knownRegions = (
				en,
				Base,
			);
			mainGroup = 1B15CD332BC85EED0055ECFD;
			productRefGroup = 1B15CD3D2BC85EED0055ECFD /* Products */;
			projectDirPath = "";
			projectRoot = "";
			targets = (
				1B15CD3B2BC85EED0055ECFD /* parking */,
				1B15CD512BC85EEE0055ECFD /* parkingTests */,
				1B15CD5B2BC85EEE0055ECFD /* parkingUITests */,
			);
		};
/* End PBXProject section */

/* Begin PBXResourcesBuildPhase section */
		1B15CD3A2BC85EED0055ECFD /* Resources */ = {
			isa = PBXResourcesBuildPhase;
			buildActionMask = 2147483647;
			files = (
				1B15CD4C2BC85EEE0055ECFD /* LaunchScreen.storyboard in Resources */,
				1B15CD492BC85EEE0055ECFD /* Assets.xcassets in Resources */,
			);
			runOnlyForDeploymentPostprocessing = 0;
		};
		1B15CD502BC85EEE0055ECFD /* Resources */ = {
			isa = PBXResourcesBuildPhase;
			buildActionMask = 2147483647;
			files = (
			);
			runOnlyForDeploymentPostprocessing = 0;
		};
		1B15CD5A2BC85EEE0055ECFD /* Resources */ = {
			isa = PBXResourcesBuildPhase;
			buildActionMask = 2147483647;
			files = (
			);
			runOnlyForDeploymentPostprocessing = 0;
		};
/* End PBXResourcesBuildPhase section */

/* Begin PBXShellScriptBuildPhase section */
		0FA26AEC9E1341ECD26563F1 /* [CP] Check Pods Manifest.lock */ = {
			isa = PBXShellScriptBuildPhase;
			buildActionMask = 2147483647;
			files = (
			);
			inputFileListPaths = (
			);
			inputPaths = (
				"${PODS_PODFILE_DIR_PATH}/Podfile.lock",
				"${PODS_ROOT}/Manifest.lock",
			);
			name = "[CP] Check Pods Manifest.lock";
			outputFileListPaths = (
			);
			outputPaths = (
				"$(DERIVED_FILE_DIR)/Pods-parking-checkManifestLockResult.txt",
			);
			runOnlyForDeploymentPostprocessing = 0;
			shellPath = /bin/sh;
			shellScript = "diff \"${PODS_PODFILE_DIR_PATH}/Podfile.lock\" \"${PODS_ROOT}/Manifest.lock\" > /dev/null\nif [ $? != 0 ] ; then\n    # print error to STDERR\n    echo \"error: The sandbox is not in sync with the Podfile.lock. Run 'pod install' or update your CocoaPods installation.\" >&2\n    exit 1\nfi\n# This output is used by Xcode 'outputs' to avoid re-running this script phase.\necho \"SUCCESS\" > \"${SCRIPT_OUTPUT_FILE_0}\"\n";
			showEnvVarsInLog = 0;
		};
		80FB98448438B6D17FC16087 /* [CP] Embed Pods Frameworks */ = {
			isa = PBXShellScriptBuildPhase;
			buildActionMask = 2147483647;
			files = (
			);
			inputFileListPaths = (
				"${PODS_ROOT}/Target Support Files/Pods-parking/Pods-parking-frameworks-${CONFIGURATION}-input-files.xcfilelist",
			);
			name = "[CP] Embed Pods Frameworks";
			outputFileListPaths = (
				"${PODS_ROOT}/Target Support Files/Pods-parking/Pods-parking-frameworks-${CONFIGURATION}-output-files.xcfilelist",
			);
			runOnlyForDeploymentPostprocessing = 0;
			shellPath = /bin/sh;
			shellScript = "\"${PODS_ROOT}/Target Support Files/Pods-parking/Pods-parking-frameworks.sh\"\n";
			showEnvVarsInLog = 0;
		};
		C968B8851B1EB722F4A58C14 /* [CP] Check Pods Manifest.lock */ = {
			isa = PBXShellScriptBuildPhase;
			buildActionMask = 2147483647;
			files = (
			);
			inputFileListPaths = (
			);
			inputPaths = (
				"${PODS_PODFILE_DIR_PATH}/Podfile.lock",
				"${PODS_ROOT}/Manifest.lock",
			);
			name = "[CP] Check Pods Manifest.lock";
			outputFileListPaths = (
			);
			outputPaths = (
				"$(DERIVED_FILE_DIR)/Pods-parking-parkingUITests-checkManifestLockResult.txt",
			);
			runOnlyForDeploymentPostprocessing = 0;
			shellPath = /bin/sh;
			shellScript = "diff \"${PODS_PODFILE_DIR_PATH}/Podfile.lock\" \"${PODS_ROOT}/Manifest.lock\" > /dev/null\nif [ $? != 0 ] ; then\n    # print error to STDERR\n    echo \"error: The sandbox is not in sync with the Podfile.lock. Run 'pod install' or update your CocoaPods installation.\" >&2\n    exit 1\nfi\n# This output is used by Xcode 'outputs' to avoid re-running this script phase.\necho \"SUCCESS\" > \"${SCRIPT_OUTPUT_FILE_0}\"\n";
			showEnvVarsInLog = 0;
		};
		E8C305BE823D53E87C78A489 /* [CP] Embed Pods Frameworks */ = {
			isa = PBXShellScriptBuildPhase;
			buildActionMask = 2147483647;
			files = (
			);
			inputFileListPaths = (
				"${PODS_ROOT}/Target Support Files/Pods-parking-parkingUITests/Pods-parking-parkingUITests-frameworks-${CONFIGURATION}-input-files.xcfilelist",
			);
			name = "[CP] Embed Pods Frameworks";
			outputFileListPaths = (
				"${PODS_ROOT}/Target Support Files/Pods-parking-parkingUITests/Pods-parking-parkingUITests-frameworks-${CONFIGURATION}-output-files.xcfilelist",
			);
			runOnlyForDeploymentPostprocessing = 0;
			shellPath = /bin/sh;
			shellScript = "\"${PODS_ROOT}/Target Support Files/Pods-parking-parkingUITests/Pods-parking-parkingUITests-frameworks.sh\"\n";
			showEnvVarsInLog = 0;
		};
		EE17BA9F79B0956DD9B1CA77 /* [CP] Check Pods Manifest.lock */ = {
			isa = PBXShellScriptBuildPhase;
			buildActionMask = 2147483647;
			files = (
			);
			inputFileListPaths = (
			);
			inputPaths = (
				"${PODS_PODFILE_DIR_PATH}/Podfile.lock",
				"${PODS_ROOT}/Manifest.lock",
			);
			name = "[CP] Check Pods Manifest.lock";
			outputFileListPaths = (
			);
			outputPaths = (
				"$(DERIVED_FILE_DIR)/Pods-parkingTests-checkManifestLockResult.txt",
			);
			runOnlyForDeploymentPostprocessing = 0;
			shellPath = /bin/sh;
			shellScript = "diff \"${PODS_PODFILE_DIR_PATH}/Podfile.lock\" \"${PODS_ROOT}/Manifest.lock\" > /dev/null\nif [ $? != 0 ] ; then\n    # print error to STDERR\n    echo \"error: The sandbox is not in sync with the Podfile.lock. Run 'pod install' or update your CocoaPods installation.\" >&2\n    exit 1\nfi\n# This output is used by Xcode 'outputs' to avoid re-running this script phase.\necho \"SUCCESS\" > \"${SCRIPT_OUTPUT_FILE_0}\"\n";
			showEnvVarsInLog = 0;
		};
/* End PBXShellScriptBuildPhase section */

/* Begin PBXSourcesBuildPhase section */
		1B15CD382BC85EED0055ECFD /* Sources */ = {
			isa = PBXSourcesBuildPhase;
			buildActionMask = 2147483647;
			files = (
				1B15CD442BC85EED0055ECFD /* ParkingViewController.swift in Sources */,
				1BB04B452BCA8AD400219D37 /* CongestionOpenCell.swift in Sources */,
				1B15CD402BC85EED0055ECFD /* AppDelegate.swift in Sources */,
				1BB04B422BCA887E00219D37 /* MainFixedCell.swift in Sources */,
				1BA2AD532BCADD8000B272E3 /* TimeParkViewController.swift in Sources */,
				1BB04B472BCA8AE300219D37 /* CostOpenCell.swift in Sources */,
				1B15CD422BC85EED0055ECFD /* SceneDelegate.swift in Sources */,
			);
			runOnlyForDeploymentPostprocessing = 0;
		};
		1B15CD4E2BC85EEE0055ECFD /* Sources */ = {
			isa = PBXSourcesBuildPhase;
			buildActionMask = 2147483647;
			files = (
				1B15CD572BC85EEE0055ECFD /* parkingTests.swift in Sources */,
			);
			runOnlyForDeploymentPostprocessing = 0;
		};
		1B15CD582BC85EEE0055ECFD /* Sources */ = {
			isa = PBXSourcesBuildPhase;
			buildActionMask = 2147483647;
			files = (
				1B15CD612BC85EEE0055ECFD /* parkingUITests.swift in Sources */,
				1B15CD632BC85EEE0055ECFD /* parkingUITestsLaunchTests.swift in Sources */,
			);
			runOnlyForDeploymentPostprocessing = 0;
		};
/* End PBXSourcesBuildPhase section */

/* Begin PBXTargetDependency section */
		1B15CD542BC85EEE0055ECFD /* PBXTargetDependency */ = {
			isa = PBXTargetDependency;
			target = 1B15CD3B2BC85EED0055ECFD /* parking */;
			targetProxy = 1B15CD532BC85EEE0055ECFD /* PBXContainerItemProxy */;
		};
		1B15CD5E2BC85EEE0055ECFD /* PBXTargetDependency */ = {
			isa = PBXTargetDependency;
			target = 1B15CD3B2BC85EED0055ECFD /* parking */;
			targetProxy = 1B15CD5D2BC85EEE0055ECFD /* PBXContainerItemProxy */;
		};
/* End PBXTargetDependency section */

/* Begin PBXVariantGroup section */
		1B15CD4A2BC85EEE0055ECFD /* LaunchScreen.storyboard */ = {
			isa = PBXVariantGroup;
			children = (
				1B15CD4B2BC85EEE0055ECFD /* Base */,
			);
			name = LaunchScreen.storyboard;
			sourceTree = "<group>";
		};
/* End PBXVariantGroup section */

/* Begin XCBuildConfiguration section */
		1B15CD642BC85EEE0055ECFD /* Debug */ = {
			isa = XCBuildConfiguration;
			buildSettings = {
				ALWAYS_SEARCH_USER_PATHS = NO;
				CLANG_ANALYZER_NONNULL = YES;
				CLANG_ANALYZER_NUMBER_OBJECT_CONVERSION = YES_AGGRESSIVE;
				CLANG_CXX_LANGUAGE_STANDARD = "gnu++20";
				CLANG_ENABLE_MODULES = YES;
				CLANG_ENABLE_OBJC_ARC = YES;
				CLANG_ENABLE_OBJC_WEAK = YES;
				CLANG_WARN_BLOCK_CAPTURE_AUTORELEASING = YES;
				CLANG_WARN_BOOL_CONVERSION = YES;
				CLANG_WARN_COMMA = YES;
				CLANG_WARN_CONSTANT_CONVERSION = YES;
				CLANG_WARN_DEPRECATED_OBJC_IMPLEMENTATIONS = YES;
				CLANG_WARN_DIRECT_OBJC_ISA_USAGE = YES_ERROR;
				CLANG_WARN_DOCUMENTATION_COMMENTS = YES;
				CLANG_WARN_EMPTY_BODY = YES;
				CLANG_WARN_ENUM_CONVERSION = YES;
				CLANG_WARN_INFINITE_RECURSION = YES;
				CLANG_WARN_INT_CONVERSION = YES;
				CLANG_WARN_NON_LITERAL_NULL_CONVERSION = YES;
				CLANG_WARN_OBJC_IMPLICIT_RETAIN_SELF = YES;
				CLANG_WARN_OBJC_LITERAL_CONVERSION = YES;
				CLANG_WARN_OBJC_ROOT_CLASS = YES_ERROR;
				CLANG_WARN_QUOTED_INCLUDE_IN_FRAMEWORK_HEADER = YES;
				CLANG_WARN_RANGE_LOOP_ANALYSIS = YES;
				CLANG_WARN_STRICT_PROTOTYPES = YES;
				CLANG_WARN_SUSPICIOUS_MOVE = YES;
				CLANG_WARN_UNGUARDED_AVAILABILITY = YES_AGGRESSIVE;
				CLANG_WARN_UNREACHABLE_CODE = YES;
				CLANG_WARN__DUPLICATE_METHOD_MATCH = YES;
				COPY_PHASE_STRIP = NO;
				DEBUG_INFORMATION_FORMAT = dwarf;
				ENABLE_STRICT_OBJC_MSGSEND = YES;
				ENABLE_TESTABILITY = YES;
				GCC_C_LANGUAGE_STANDARD = gnu11;
				GCC_DYNAMIC_NO_PIC = NO;
				GCC_NO_COMMON_BLOCKS = YES;
				GCC_OPTIMIZATION_LEVEL = 0;
				GCC_PREPROCESSOR_DEFINITIONS = (
					"DEBUG=1",
					"$(inherited)",
				);
				GCC_WARN_64_TO_32_BIT_CONVERSION = YES;
				GCC_WARN_ABOUT_RETURN_TYPE = YES_ERROR;
				GCC_WARN_UNDECLARED_SELECTOR = YES;
				GCC_WARN_UNINITIALIZED_AUTOS = YES_AGGRESSIVE;
				GCC_WARN_UNUSED_FUNCTION = YES;
				GCC_WARN_UNUSED_VARIABLE = YES;
				IPHONEOS_DEPLOYMENT_TARGET = 16.2;
				MTL_ENABLE_DEBUG_INFO = INCLUDE_SOURCE;
				MTL_FAST_MATH = YES;
				ONLY_ACTIVE_ARCH = YES;
				SDKROOT = iphoneos;
				SWIFT_ACTIVE_COMPILATION_CONDITIONS = DEBUG;
				SWIFT_OPTIMIZATION_LEVEL = "-Onone";
			};
			name = Debug;
		};
		1B15CD652BC85EEE0055ECFD /* Release */ = {
			isa = XCBuildConfiguration;
			buildSettings = {
				ALWAYS_SEARCH_USER_PATHS = NO;
				CLANG_ANALYZER_NONNULL = YES;
				CLANG_ANALYZER_NUMBER_OBJECT_CONVERSION = YES_AGGRESSIVE;
				CLANG_CXX_LANGUAGE_STANDARD = "gnu++20";
				CLANG_ENABLE_MODULES = YES;
				CLANG_ENABLE_OBJC_ARC = YES;
				CLANG_ENABLE_OBJC_WEAK = YES;
				CLANG_WARN_BLOCK_CAPTURE_AUTORELEASING = YES;
				CLANG_WARN_BOOL_CONVERSION = YES;
				CLANG_WARN_COMMA = YES;
				CLANG_WARN_CONSTANT_CONVERSION = YES;
				CLANG_WARN_DEPRECATED_OBJC_IMPLEMENTATIONS = YES;
				CLANG_WARN_DIRECT_OBJC_ISA_USAGE = YES_ERROR;
				CLANG_WARN_DOCUMENTATION_COMMENTS = YES;
				CLANG_WARN_EMPTY_BODY = YES;
				CLANG_WARN_ENUM_CONVERSION = YES;
				CLANG_WARN_INFINITE_RECURSION = YES;
				CLANG_WARN_INT_CONVERSION = YES;
				CLANG_WARN_NON_LITERAL_NULL_CONVERSION = YES;
				CLANG_WARN_OBJC_IMPLICIT_RETAIN_SELF = YES;
				CLANG_WARN_OBJC_LITERAL_CONVERSION = YES;
				CLANG_WARN_OBJC_ROOT_CLASS = YES_ERROR;
				CLANG_WARN_QUOTED_INCLUDE_IN_FRAMEWORK_HEADER = YES;
				CLANG_WARN_RANGE_LOOP_ANALYSIS = YES;
				CLANG_WARN_STRICT_PROTOTYPES = YES;
				CLANG_WARN_SUSPICIOUS_MOVE = YES;
				CLANG_WARN_UNGUARDED_AVAILABILITY = YES_AGGRESSIVE;
				CLANG_WARN_UNREACHABLE_CODE = YES;
				CLANG_WARN__DUPLICATE_METHOD_MATCH = YES;
				COPY_PHASE_STRIP = NO;
				DEBUG_INFORMATION_FORMAT = "dwarf-with-dsym";
				ENABLE_NS_ASSERTIONS = NO;
				ENABLE_STRICT_OBJC_MSGSEND = YES;
				GCC_C_LANGUAGE_STANDARD = gnu11;
				GCC_NO_COMMON_BLOCKS = YES;
				GCC_WARN_64_TO_32_BIT_CONVERSION = YES;
				GCC_WARN_ABOUT_RETURN_TYPE = YES_ERROR;
				GCC_WARN_UNDECLARED_SELECTOR = YES;
				GCC_WARN_UNINITIALIZED_AUTOS = YES_AGGRESSIVE;
				GCC_WARN_UNUSED_FUNCTION = YES;
				GCC_WARN_UNUSED_VARIABLE = YES;
				IPHONEOS_DEPLOYMENT_TARGET = 16.2;
				MTL_ENABLE_DEBUG_INFO = NO;
				MTL_FAST_MATH = YES;
				SDKROOT = iphoneos;
				SWIFT_COMPILATION_MODE = wholemodule;
				SWIFT_OPTIMIZATION_LEVEL = "-O";
				VALIDATE_PRODUCT = YES;
			};
			name = Release;
		};
		1B15CD672BC85EEE0055ECFD /* Debug */ = {
			isa = XCBuildConfiguration;
			baseConfigurationReference = 4224E1DBA18401FBFC6CB90E /* Pods-parking.debug.xcconfig */;
			buildSettings = {
				ASSETCATALOG_COMPILER_APPICON_NAME = AppIcon;
				ASSETCATALOG_COMPILER_GLOBAL_ACCENT_COLOR_NAME = AccentColor;
				CODE_SIGN_STYLE = Automatic;
				CURRENT_PROJECT_VERSION = 1;
				DEVELOPMENT_TEAM = 5428YTMK29;
				GENERATE_INFOPLIST_FILE = YES;
				INFOPLIST_FILE = parking/Info.plist;
				INFOPLIST_KEY_UIApplicationSupportsIndirectInputEvents = YES;
				INFOPLIST_KEY_UILaunchStoryboardName = LaunchScreen;
				INFOPLIST_KEY_UIMainStoryboardFile = "";
				INFOPLIST_KEY_UISupportedInterfaceOrientations_iPad = "UIInterfaceOrientationPortrait UIInterfaceOrientationPortraitUpsideDown UIInterfaceOrientationLandscapeLeft UIInterfaceOrientationLandscapeRight";
				INFOPLIST_KEY_UISupportedInterfaceOrientations_iPhone = "UIInterfaceOrientationPortrait UIInterfaceOrientationLandscapeLeft UIInterfaceOrientationLandscapeRight";
				LD_RUNPATH_SEARCH_PATHS = (
					"$(inherited)",
					"@executable_path/Frameworks",
				);
				MARKETING_VERSION = 1.0;
				PRODUCT_BUNDLE_IDENTIFIER = "-.parking";
				PRODUCT_NAME = "$(TARGET_NAME)";
				SWIFT_EMIT_LOC_STRINGS = YES;
				SWIFT_VERSION = 5.0;
				TARGETED_DEVICE_FAMILY = "1,2";
			};
			name = Debug;
		};
		1B15CD682BC85EEE0055ECFD /* Release */ = {
			isa = XCBuildConfiguration;
			baseConfigurationReference = 53589C08D04AB67E12EBAF47 /* Pods-parking.release.xcconfig */;
			buildSettings = {
				ASSETCATALOG_COMPILER_APPICON_NAME = AppIcon;
				ASSETCATALOG_COMPILER_GLOBAL_ACCENT_COLOR_NAME = AccentColor;
				CODE_SIGN_STYLE = Automatic;
				CURRENT_PROJECT_VERSION = 1;
				DEVELOPMENT_TEAM = 5428YTMK29;
				GENERATE_INFOPLIST_FILE = YES;
				INFOPLIST_FILE = parking/Info.plist;
				INFOPLIST_KEY_UIApplicationSupportsIndirectInputEvents = YES;
				INFOPLIST_KEY_UILaunchStoryboardName = LaunchScreen;
				INFOPLIST_KEY_UIMainStoryboardFile = "";
				INFOPLIST_KEY_UISupportedInterfaceOrientations_iPad = "UIInterfaceOrientationPortrait UIInterfaceOrientationPortraitUpsideDown UIInterfaceOrientationLandscapeLeft UIInterfaceOrientationLandscapeRight";
				INFOPLIST_KEY_UISupportedInterfaceOrientations_iPhone = "UIInterfaceOrientationPortrait UIInterfaceOrientationLandscapeLeft UIInterfaceOrientationLandscapeRight";
				LD_RUNPATH_SEARCH_PATHS = (
					"$(inherited)",
					"@executable_path/Frameworks",
				);
				MARKETING_VERSION = 1.0;
				PRODUCT_BUNDLE_IDENTIFIER = "-.parking";
				PRODUCT_NAME = "$(TARGET_NAME)";
				SWIFT_EMIT_LOC_STRINGS = YES;
				SWIFT_VERSION = 5.0;
				TARGETED_DEVICE_FAMILY = "1,2";
			};
			name = Release;
		};
		1B15CD6A2BC85EEE0055ECFD /* Debug */ = {
			isa = XCBuildConfiguration;
			baseConfigurationReference = B1FCF71416B4BA028E4219C1 /* Pods-parkingTests.debug.xcconfig */;
			buildSettings = {
				ALWAYS_EMBED_SWIFT_STANDARD_LIBRARIES = YES;
				BUNDLE_LOADER = "$(TEST_HOST)";
				CODE_SIGN_STYLE = Automatic;
				CURRENT_PROJECT_VERSION = 1;
				DEVELOPMENT_TEAM = 5428YTMK29;
				GENERATE_INFOPLIST_FILE = YES;
				IPHONEOS_DEPLOYMENT_TARGET = 16.2;
				MARKETING_VERSION = 1.0;
				PRODUCT_BUNDLE_IDENTIFIER = "-.parkingTests";
				PRODUCT_NAME = "$(TARGET_NAME)";
				SWIFT_EMIT_LOC_STRINGS = NO;
				SWIFT_VERSION = 5.0;
				TARGETED_DEVICE_FAMILY = "1,2";
				TEST_HOST = "$(BUILT_PRODUCTS_DIR)/parking.app/$(BUNDLE_EXECUTABLE_FOLDER_PATH)/parking";
			};
			name = Debug;
		};
		1B15CD6B2BC85EEE0055ECFD /* Release */ = {
			isa = XCBuildConfiguration;
			baseConfigurationReference = D909EA5FB14E0D47A7681ECE /* Pods-parkingTests.release.xcconfig */;
			buildSettings = {
				ALWAYS_EMBED_SWIFT_STANDARD_LIBRARIES = YES;
				BUNDLE_LOADER = "$(TEST_HOST)";
				CODE_SIGN_STYLE = Automatic;
				CURRENT_PROJECT_VERSION = 1;
				DEVELOPMENT_TEAM = 5428YTMK29;
				GENERATE_INFOPLIST_FILE = YES;
				IPHONEOS_DEPLOYMENT_TARGET = 16.2;
				MARKETING_VERSION = 1.0;
				PRODUCT_BUNDLE_IDENTIFIER = "-.parkingTests";
				PRODUCT_NAME = "$(TARGET_NAME)";
				SWIFT_EMIT_LOC_STRINGS = NO;
				SWIFT_VERSION = 5.0;
				TARGETED_DEVICE_FAMILY = "1,2";
				TEST_HOST = "$(BUILT_PRODUCTS_DIR)/parking.app/$(BUNDLE_EXECUTABLE_FOLDER_PATH)/parking";
			};
			name = Release;
		};
		1B15CD6D2BC85EEE0055ECFD /* Debug */ = {
			isa = XCBuildConfiguration;
			baseConfigurationReference = ED54BF0B914B827170C9C9BE /* Pods-parking-parkingUITests.debug.xcconfig */;
			buildSettings = {
				ALWAYS_EMBED_SWIFT_STANDARD_LIBRARIES = YES;
				CODE_SIGN_STYLE = Automatic;
				CURRENT_PROJECT_VERSION = 1;
				DEVELOPMENT_TEAM = 5428YTMK29;
				GENERATE_INFOPLIST_FILE = YES;
				MARKETING_VERSION = 1.0;
				PRODUCT_BUNDLE_IDENTIFIER = "-.parkingUITests";
				PRODUCT_NAME = "$(TARGET_NAME)";
				SWIFT_EMIT_LOC_STRINGS = NO;
				SWIFT_VERSION = 5.0;
				TARGETED_DEVICE_FAMILY = "1,2";
				TEST_TARGET_NAME = parking;
			};
			name = Debug;
		};
		1B15CD6E2BC85EEE0055ECFD /* Release */ = {
			isa = XCBuildConfiguration;
			baseConfigurationReference = 2F5FFAB6FC5D6356194B5401 /* Pods-parking-parkingUITests.release.xcconfig */;
			buildSettings = {
				ALWAYS_EMBED_SWIFT_STANDARD_LIBRARIES = YES;
				CODE_SIGN_STYLE = Automatic;
				CURRENT_PROJECT_VERSION = 1;
				DEVELOPMENT_TEAM = 5428YTMK29;
				GENERATE_INFOPLIST_FILE = YES;
				MARKETING_VERSION = 1.0;
				PRODUCT_BUNDLE_IDENTIFIER = "-.parkingUITests";
				PRODUCT_NAME = "$(TARGET_NAME)";
				SWIFT_EMIT_LOC_STRINGS = NO;
				SWIFT_VERSION = 5.0;
				TARGETED_DEVICE_FAMILY = "1,2";
				TEST_TARGET_NAME = parking;
			};
			name = Release;
		};
/* End XCBuildConfiguration section */

/* Begin XCConfigurationList section */
		1B15CD372BC85EED0055ECFD /* Build configuration list for PBXProject "parking" */ = {
			isa = XCConfigurationList;
			buildConfigurations = (
				1B15CD642BC85EEE0055ECFD /* Debug */,
				1B15CD652BC85EEE0055ECFD /* Release */,
			);
			defaultConfigurationIsVisible = 0;
			defaultConfigurationName = Release;
		};
		1B15CD662BC85EEE0055ECFD /* Build configuration list for PBXNativeTarget "parking" */ = {
			isa = XCConfigurationList;
			buildConfigurations = (
				1B15CD672BC85EEE0055ECFD /* Debug */,
				1B15CD682BC85EEE0055ECFD /* Release */,
			);
			defaultConfigurationIsVisible = 0;
			defaultConfigurationName = Release;
		};
		1B15CD692BC85EEE0055ECFD /* Build configuration list for PBXNativeTarget "parkingTests" */ = {
			isa = XCConfigurationList;
			buildConfigurations = (
				1B15CD6A2BC85EEE0055ECFD /* Debug */,
				1B15CD6B2BC85EEE0055ECFD /* Release */,
			);
			defaultConfigurationIsVisible = 0;
			defaultConfigurationName = Release;
		};
		1B15CD6C2BC85EEE0055ECFD /* Build configuration list for PBXNativeTarget "parkingUITests" */ = {
			isa = XCConfigurationList;
			buildConfigurations = (
				1B15CD6D2BC85EEE0055ECFD /* Debug */,
				1B15CD6E2BC85EEE0055ECFD /* Release */,
			);
			defaultConfigurationIsVisible = 0;
			defaultConfigurationName = Release;
		};
/* End XCConfigurationList section */
	};
	rootObject = 1B15CD342BC85EED0055ECFD /* Project object */;
}
